
Microsoft Visual Studio Solution File, Format Version 12.00
# Visual Studio Version 17
VisualStudioVersion = 17.8.34330.188
MinimumVisualStudioVersion = 10.0.40219.1
Project("{9A19103F-16F7-4668-BE54-9A1E7A4F7556}") = "ServerFiles", "ServerFiles.csproj", "{D9334FF6-7164-4D38-9B4A-7B2B429EF85A}"
EndProject
Global
	GlobalSection(SolutionConfigurationPlatforms) = preSolution
		Debug|Any CPU = Debug|Any CPU
		Release|Any CPU = Release|Any CPU
	EndGlobalSection
	GlobalSection(ProjectConfigurationPlatforms) = postSolution
		{D9334FF6-7164-4D38-9B4A-7B2B429EF85A}.Debug|Any CPU.ActiveCfg = Debug|Any CPU
		{D9334FF6-7164-4D38-9B4A-7B2B429EF85A}.Debug|Any CPU.Build.0 = Debug|Any CPU
		{D9334FF6-7164-4D38-9B4A-7B2B429EF85A}.Release|Any CPU.ActiveCfg = Release|Any CPU
		{D9334FF6-7164-4D38-9B4A-7B2B429EF85A}.Release|Any CPU.Build.0 = Release|Any CPU
	EndGlobalSection
	GlobalSection(SolutionProperties) = preSolution
		HideSolutionNode = FALSE
	EndGlobalSection
	GlobalSection(ExtensibilityGlobals) = postSolution
		SolutionGuid = {1511B68E-7793-4B6F-95F5-0A955477524D}
	EndGlobalSection
EndGlobal
